Microsoft Visual Studio Solution File, Format Version 11.00
# Visual Studio 2008

Project("{8A2293C0-78AA-E145-4647-44967F6E3DA2}") = "consequences_unity", "Assembly-CSharp.csproj", "{0335036C-6730-8F77-EE68-57A8CB3DAF4A}"
EndProject
Global
	GlobalSection(SolutionConfigurationPlatforms) = preSolution
		Debug|Any CPU = Debug|Any CPU
		Release|Any CPU = Release|Any CPU
	EndGlobalSection
	GlobalSection(ProjectConfigurationPlatforms) = postSolution
		{0335036C-6730-8F77-EE68-57A8CB3DAF4A}.Debug|Any CPU.ActiveCfg = Debug|Any CPU
		{0335036C-6730-8F77-EE68-57A8CB3DAF4A}.Debug|Any CPU.Build.0 = Debug|Any CPU
		{0335036C-6730-8F77-EE68-57A8CB3DAF4A}.Release|Any CPU.ActiveCfg = Release|Any CPU
		{0335036C-6730-8F77-EE68-57A8CB3DAF4A}.Release|Any CPU.Build.0 = Release|Any CPU
	EndGlobalSection
	GlobalSection(SolutionProperties) = preSolution
		HideSolutionNode = FALSE
	EndGlobalSection
	GlobalSection(MonoDevelopProperties) = preSolution
		StartupItem = Assembly-CSharp.csproj
	EndGlobalSection
EndGlobal
